
Microsoft Visual Studio Solution File, Format Version 12.00
# Visual Studio 2012
Project("{FAE04EC0-301F-11D3-BF4B-00C04F79EFBC}") = "NeuralNetworks", "NeuralNetworks\NeuralNetworks.csproj", "{8ECECF4E-CC93-4998-84C8-BF0EA026B9D8}"
EndProject
Project("{FAE04EC0-301F-11D3-BF4B-00C04F79EFBC}") = "NumDetector88", "NumDetector88\NumDetector88.csproj", "{550217AB-153B-4533-BB8F-A919028F69ED}"
EndProject
Global
	GlobalSection(SolutionConfigurationPlatforms) = preSolution
		Debug|Any CPU = Debug|Any CPU
		Release|Any CPU = Release|Any CPU
	EndGlobalSection
	GlobalSection(ProjectConfigurationPlatforms) = postSolution
		{8ECECF4E-CC93-4998-84C8-BF0EA026B9D8}.Debug|Any CPU.ActiveCfg = Debug|Any CPU
		{8ECECF4E-CC93-4998-84C8-BF0EA026B9D8}.Debug|Any CPU.Build.0 = Debug|Any CPU
		{8ECECF4E-CC93-4998-84C8-BF0EA026B9D8}.Release|Any CPU.ActiveCfg = Release|Any CPU
		{8ECECF4E-CC93-4998-84C8-BF0EA026B9D8}.Release|Any CPU.Build.0 = Release|Any CPU
		{550217AB-153B-4533-BB8F-A919028F69ED}.Debug|Any CPU.ActiveCfg = Debug|Any CPU
		{550217AB-153B-4533-BB8F-A919028F69ED}.Debug|Any CPU.Build.0 = Debug|Any CPU
		{550217AB-153B-4533-BB8F-A919028F69ED}.Release|Any CPU.ActiveCfg = Release|Any CPU
		{550217AB-153B-4533-BB8F-A919028F69ED}.Release|Any CPU.Build.0 = Release|Any CPU
	EndGlobalSection
	GlobalSection(SolutionProperties) = preSolution
		HideSolutionNode = FALSE
	EndGlobalSection
EndGlobal
